
Microsoft Visual Studio Solution File, Format Version 12.00
# Visual Studio Version 16
VisualStudioVersion = 16.0.32228.343
MinimumVisualStudioVersion = 10.0.40219.1
Project("{FAE04EC0-301F-11D3-BF4B-00C04F79EFBC}") = "Direseeker", "Direseeker\Direseeker.csproj", "{029FE1C2-0B06-412E-A5C6-A581FE56A061}"
EndProject
Global
	GlobalSection(SolutionConfigurationPlatforms) = preSolution
		Debug|Any CPU = Debug|Any CPU
		Release|Any CPU = Release|Any CPU
	EndGlobalSection
	GlobalSection(ProjectConfigurationPlatforms) = postSolution
		{029FE1C2-0B06-412E-A5C6-A581FE56A061}.Debug|Any CPU.ActiveCfg = Debug|Any CPU
		{029FE1C2-0B06-412E-A5C6-A581FE56A061}.Debug|Any CPU.Build.0 = Debug|Any CPU
		{029FE1C2-0B06-412E-A5C6-A581FE56A061}.Release|Any CPU.ActiveCfg = Release|Any CPU
		{029FE1C2-0B06-412E-A5C6-A581FE56A061}.Release|Any CPU.Build.0 = Release|Any CPU
	EndGlobalSection
	GlobalSection(SolutionProperties) = preSolution
		HideSolutionNode = FALSE
	EndGlobalSection
	GlobalSection(ExtensibilityGlobals) = postSolution
		SolutionGuid = {B6385BD4-FB9A-4DC7-A839-DDF4912645CC}
	EndGlobalSection
EndGlobal
